
Microsoft Visual Studio Solution File, Format Version 12.00
# Visual Studio 15
VisualStudioVersion = 15.0.28010.2026
MinimumVisualStudioVersion = 10.0.40219.1
Project("{8BC9CEB8-8B4A-11D0-8D11-00A0C91BC942}") = "3", "3\3.vcxproj", "{2C807DBA-FA44-483E-A4D8-94403FDB6A0C}"
EndProject
Global
	GlobalSection(SolutionConfigurationPlatforms) = preSolution
		Debug|x64 = Debug|x64
		Debug|x86 = Debug|x86
		Release|x64 = Release|x64
		Release|x86 = Release|x86
	EndGlobalSection
	GlobalSection(ProjectConfigurationPlatforms) = postSolution
		{2C807DBA-FA44-483E-A4D8-94403FDB6A0C}.Debug|x64.ActiveCfg = Debug|x64
		{2C807DBA-FA44-483E-A4D8-94403FDB6A0C}.Debug|x64.Build.0 = Debug|x64
		{2C807DBA-FA44-483E-A4D8-94403FDB6A0C}.Debug|x86.ActiveCfg = Debug|Win32
		{2C807DBA-FA44-483E-A4D8-94403FDB6A0C}.Debug|x86.Build.0 = Debug|Win32
		{2C807DBA-FA44-483E-A4D8-94403FDB6A0C}.Release|x64.ActiveCfg = Release|x64
		{2C807DBA-FA44-483E-A4D8-94403FDB6A0C}.Release|x64.Build.0 = Release|x64
		{2C807DBA-FA44-483E-A4D8-94403FDB6A0C}.Release|x86.ActiveCfg = Release|Win32
		{2C807DBA-FA44-483E-A4D8-94403FDB6A0C}.Release|x86.Build.0 = Release|Win32
	EndGlobalSection
	GlobalSection(SolutionProperties) = preSolution
		HideSolutionNode = FALSE
	EndGlobalSection
	GlobalSection(ExtensibilityGlobals) = postSolution
		SolutionGuid = {3BDB90E3-A8CC-4D6E-AA57-A7C128319F4A}
	EndGlobalSection
EndGlobal
