
Microsoft Visual Studio Solution File, Format Version 12.00
# Visual Studio 15
VisualStudioVersion = 15.0.28010.2026
MinimumVisualStudioVersion = 10.0.40219.1
Project("{8BC9CEB8-8B4A-11D0-8D11-00A0C91BC942}") = "6", "6\6.vcxproj", "{03BDD981-6374-43D9-961E-5F3ECEFF649E}"
EndProject
Global
	GlobalSection(SolutionConfigurationPlatforms) = preSolution
		Debug|x64 = Debug|x64
		Debug|x86 = Debug|x86
		Release|x64 = Release|x64
		Release|x86 = Release|x86
	EndGlobalSection
	GlobalSection(ProjectConfigurationPlatforms) = postSolution
		{03BDD981-6374-43D9-961E-5F3ECEFF649E}.Debug|x64.ActiveCfg = Debug|x64
		{03BDD981-6374-43D9-961E-5F3ECEFF649E}.Debug|x64.Build.0 = Debug|x64
		{03BDD981-6374-43D9-961E-5F3ECEFF649E}.Debug|x86.ActiveCfg = Debug|Win32
		{03BDD981-6374-43D9-961E-5F3ECEFF649E}.Debug|x86.Build.0 = Debug|Win32
		{03BDD981-6374-43D9-961E-5F3ECEFF649E}.Release|x64.ActiveCfg = Release|x64
		{03BDD981-6374-43D9-961E-5F3ECEFF649E}.Release|x64.Build.0 = Release|x64
		{03BDD981-6374-43D9-961E-5F3ECEFF649E}.Release|x86.ActiveCfg = Release|Win32
		{03BDD981-6374-43D9-961E-5F3ECEFF649E}.Release|x86.Build.0 = Release|Win32
	EndGlobalSection
	GlobalSection(SolutionProperties) = preSolution
		HideSolutionNode = FALSE
	EndGlobalSection
	GlobalSection(ExtensibilityGlobals) = postSolution
		SolutionGuid = {DC125539-64AB-4220-B9C9-E4FB897CC7D6}
	EndGlobalSection
EndGlobal
