
Microsoft Visual Studio Solution File, Format Version 12.00
# Visual Studio 15
VisualStudioVersion = 15.0.28010.2026
MinimumVisualStudioVersion = 10.0.40219.1
Project("{8BC9CEB8-8B4A-11D0-8D11-00A0C91BC942}") = "5", "5\5.vcxproj", "{EB4B0A26-9E39-4B8C-8FB3-17360E360D2F}"
EndProject
Global
	GlobalSection(SolutionConfigurationPlatforms) = preSolution
		Debug|x64 = Debug|x64
		Debug|x86 = Debug|x86
		Release|x64 = Release|x64
		Release|x86 = Release|x86
	EndGlobalSection
	GlobalSection(ProjectConfigurationPlatforms) = postSolution
		{EB4B0A26-9E39-4B8C-8FB3-17360E360D2F}.Debug|x64.ActiveCfg = Debug|x64
		{EB4B0A26-9E39-4B8C-8FB3-17360E360D2F}.Debug|x64.Build.0 = Debug|x64
		{EB4B0A26-9E39-4B8C-8FB3-17360E360D2F}.Debug|x86.ActiveCfg = Debug|Win32
		{EB4B0A26-9E39-4B8C-8FB3-17360E360D2F}.Debug|x86.Build.0 = Debug|Win32
		{EB4B0A26-9E39-4B8C-8FB3-17360E360D2F}.Release|x64.ActiveCfg = Release|x64
		{EB4B0A26-9E39-4B8C-8FB3-17360E360D2F}.Release|x64.Build.0 = Release|x64
		{EB4B0A26-9E39-4B8C-8FB3-17360E360D2F}.Release|x86.ActiveCfg = Release|Win32
		{EB4B0A26-9E39-4B8C-8FB3-17360E360D2F}.Release|x86.Build.0 = Release|Win32
	EndGlobalSection
	GlobalSection(SolutionProperties) = preSolution
		HideSolutionNode = FALSE
	EndGlobalSection
	GlobalSection(ExtensibilityGlobals) = postSolution
		SolutionGuid = {87DA7D9B-CDC4-4D1E-8EED-F882B783EBA7}
	EndGlobalSection
EndGlobal
